
Microsoft Visual Studio Solution File, Format Version 12.00
# Visual Studio Version 17
VisualStudioVersion = 17.14.36212.18
MinimumVisualStudioVersion = 10.0.40219.1
Project("{FAE04EC0-301F-11D3-BF4B-00C04F79EFBC}") = "Identity.API", "Identity.API\Identity.API.csproj", "{AD806E20-40A3-47EE-845D-9025F6DF7C29}"
EndProject
Project("{FAE04EC0-301F-11D3-BF4B-00C04F79EFBC}") = "Identity.DAL", "Identity.DAL\Identity.DAL.csproj", "{481F169D-233C-42B8-997B-2D53CF1EDCA4}"
EndProject
Project("{FAE04EC0-301F-11D3-BF4B-00C04F79EFBC}") = "Identity.BLL", "Identity.BLL\Identity.BLL.csproj", "{EE70D09A-63E5-4BB0-B33F-794C75D236CA}"
EndProject
Project("{FAE04EC0-301F-11D3-BF4B-00C04F79EFBC}") = "Identity.Abstraction", "Identity.Abstraction\Identity.Abstraction.csproj", "{FA7AA496-7736-4EC7-B1E4-9EC7D8B2EE22}"
EndProject
Project("{FAE04EC0-301F-11D3-BF4B-00C04F79EFBC}") = "Identity.UnitTests", "Identity.UnitTests\Identity.UnitTests.csproj", "{45F3C957-0616-4F64-8846-FA1FD3AC0A90}"
EndProject
Global
	GlobalSection(SolutionConfigurationPlatforms) = preSolution
		Debug|Any CPU = Debug|Any CPU
		Release|Any CPU = Release|Any CPU
	EndGlobalSection
	GlobalSection(ProjectConfigurationPlatforms) = postSolution
		{AD806E20-40A3-47EE-845D-9025F6DF7C29}.Debug|Any CPU.ActiveCfg = Debug|Any CPU
		{AD806E20-40A3-47EE-845D-9025F6DF7C29}.Debug|Any CPU.Build.0 = Debug|Any CPU
		{AD806E20-40A3-47EE-845D-9025F6DF7C29}.Release|Any CPU.ActiveCfg = Release|Any CPU
		{AD806E20-40A3-47EE-845D-9025F6DF7C29}.Release|Any CPU.Build.0 = Release|Any CPU
		{481F169D-233C-42B8-997B-2D53CF1EDCA4}.Debug|Any CPU.ActiveCfg = Debug|Any CPU
		{481F169D-233C-42B8-997B-2D53CF1EDCA4}.Debug|Any CPU.Build.0 = Debug|Any CPU
		{481F169D-233C-42B8-997B-2D53CF1EDCA4}.Release|Any CPU.ActiveCfg = Release|Any CPU
		{481F169D-233C-42B8-997B-2D53CF1EDCA4}.Release|Any CPU.Build.0 = Release|Any CPU
		{EE70D09A-63E5-4BB0-B33F-794C75D236CA}.Debug|Any CPU.ActiveCfg = Debug|Any CPU
		{EE70D09A-63E5-4BB0-B33F-794C75D236CA}.Debug|Any CPU.Build.0 = Debug|Any CPU
		{EE70D09A-63E5-4BB0-B33F-794C75D236CA}.Release|Any CPU.ActiveCfg = Release|Any CPU
		{EE70D09A-63E5-4BB0-B33F-794C75D236CA}.Release|Any CPU.Build.0 = Release|Any CPU
		{FA7AA496-7736-4EC7-B1E4-9EC7D8B2EE22}.Debug|Any CPU.ActiveCfg = Debug|Any CPU
		{FA7AA496-7736-4EC7-B1E4-9EC7D8B2EE22}.Debug|Any CPU.Build.0 = Debug|Any CPU
		{FA7AA496-7736-4EC7-B1E4-9EC7D8B2EE22}.Release|Any CPU.ActiveCfg = Release|Any CPU
		{FA7AA496-7736-4EC7-B1E4-9EC7D8B2EE22}.Release|Any CPU.Build.0 = Release|Any CPU
		{45F3C957-0616-4F64-8846-FA1FD3AC0A90}.Debug|Any CPU.ActiveCfg = Debug|Any CPU
		{45F3C957-0616-4F64-8846-FA1FD3AC0A90}.Debug|Any CPU.Build.0 = Debug|Any CPU
		{45F3C957-0616-4F64-8846-FA1FD3AC0A90}.Release|Any CPU.ActiveCfg = Release|Any CPU
		{45F3C957-0616-4F64-8846-FA1FD3AC0A90}.Release|Any CPU.Build.0 = Release|Any CPU
	EndGlobalSection
	GlobalSection(SolutionProperties) = preSolution
		HideSolutionNode = FALSE
	EndGlobalSection
	GlobalSection(ExtensibilityGlobals) = postSolution
		SolutionGuid = {56188ECB-8F28-4219-B929-459B76403379}
	EndGlobalSection
EndGlobal
