
Microsoft Visual Studio Solution File, Format Version 12.00
# Visual Studio Version 17
VisualStudioVersion = 17.14.36212.18 d17.14
MinimumVisualStudioVersion = 10.0.40219.1
Project("{FAE04EC0-301F-11D3-BF4B-00C04F79EFBC}") = "BFF.API", "BFF.API\BFF.API.csproj", "{5C2025D5-309B-4449-8E4E-61C5FEFAA1EB}"
EndProject
Project("{FAE04EC0-301F-11D3-BF4B-00C04F79EFBC}") = "BFF.Abstraction", "BFF.Abstraction\BFF.Abstraction.csproj", "{30442702-9144-4330-9DF9-EDB8A50F283E}"
EndProject
Global
	GlobalSection(SolutionConfigurationPlatforms) = preSolution
		Debug|Any CPU = Debug|Any CPU
		Release|Any CPU = Release|Any CPU
	EndGlobalSection
	GlobalSection(ProjectConfigurationPlatforms) = postSolution
		{5C2025D5-309B-4449-8E4E-61C5FEFAA1EB}.Debug|Any CPU.ActiveCfg = Debug|Any CPU
		{5C2025D5-309B-4449-8E4E-61C5FEFAA1EB}.Debug|Any CPU.Build.0 = Debug|Any CPU
		{5C2025D5-309B-4449-8E4E-61C5FEFAA1EB}.Release|Any CPU.ActiveCfg = Release|Any CPU
		{5C2025D5-309B-4449-8E4E-61C5FEFAA1EB}.Release|Any CPU.Build.0 = Release|Any CPU
		{30442702-9144-4330-9DF9-EDB8A50F283E}.Debug|Any CPU.ActiveCfg = Debug|Any CPU
		{30442702-9144-4330-9DF9-EDB8A50F283E}.Debug|Any CPU.Build.0 = Debug|Any CPU
		{30442702-9144-4330-9DF9-EDB8A50F283E}.Release|Any CPU.ActiveCfg = Release|Any CPU
		{30442702-9144-4330-9DF9-EDB8A50F283E}.Release|Any CPU.Build.0 = Release|Any CPU
	EndGlobalSection
	GlobalSection(SolutionProperties) = preSolution
		HideSolutionNode = FALSE
	EndGlobalSection
	GlobalSection(ExtensibilityGlobals) = postSolution
		SolutionGuid = {1147C05B-93BE-403F-82E8-ACE9080AB553}
	EndGlobalSection
EndGlobal
